{
  "name": "dxcp-backstage-integrations",
  "version": "0.1.0",
  "lockfileVersion": 3,
  "requires": true,
  "packages": {
    "": {
      "name": "dxcp-backstage-integrations",
      "version": "0.1.0",
      "workspaces": [
        "packages/*"
      ],
      "devDependencies": {
        "typescript": "^5.3.3"
      }
    },
    "node_modules/@dxcp/backstage-plugin": {
      "resolved": "packages/dxcp-plugin",
      "link": true
    },
    "node_modules/@dxcp/backstage-plugin-backend": {
      "resolved": "packages/dxcp-plugin-backend",
      "link": true
    },
    "node_modules/typescript": {
      "version": "5.9.3",
      "resolved": "https://registry.npmjs.org/typescript/-/typescript-5.9.3.tgz",
      "integrity": "sha512-jl1vZzPDinLr9eUt3J/t7V6FgNEw9QjvBPdysz9KfQDD41fQrC2Y4vKQdiaUpFT4bXlb1RHhLpp8wtm6M5TgSw==",
      "dev": true,
      "license": "Apache-2.0",
      "bin": {
        "tsc": "bin/tsc",
        "tsserver": "bin/tsserver"
      },
      "engines": {
        "node": ">=14.17"
      }
    },
    "packages/dxcp-plugin": {
      "name": "@dxcp/backstage-plugin",
      "version": "0.1.0"
    },
    "packages/dxcp-plugin-backend": {
      "name": "@dxcp/backstage-plugin-backend",
      "version": "0.1.0"
    }
  }
}
